
Microsoft Visual Studio Solution File, Format Version 12.00
# Visual Studio 2012
Project("{FAE04EC0-301F-11D3-BF4B-00C04F79EFBC}") = "testingRed", "testingRed\testingRed.csproj", "{F497D934-2FB3-44DD-87CB-592C0AE567FB}"
	ProjectSection(ProjectDependencies) = postProject
		{209FA716-A7AD-4095-BD70-C8710FC66FA7} = {209FA716-A7AD-4095-BD70-C8710FC66FA7}
	EndProjectSection
EndProject
Project("{FAE04EC0-301F-11D3-BF4B-00C04F79EFBC}") = "testingRedService", "testingRedService\testingRedService.csproj", "{209FA716-A7AD-4095-BD70-C8710FC66FA7}"
EndProject
Project("{262852C6-CD72-467D-83FE-5EEB1973A190}") = "MagaThai", "MagaThai\MagaThai.jsproj", "{44692560-7FCA-4E9F-802E-81DB59EF27DB}"
EndProject
Project("{FAE04EC0-301F-11D3-BF4B-00C04F79EFBC}") = "WebApi", "WebApi\WebApi.csproj", "{00086382-42C2-45C8-923B-6B13CD43C4E7}"
EndProject
Global
	GlobalSection(SolutionConfigurationPlatforms) = preSolution
		Debug|Android = Debug|Android
		Debug|Any CPU = Debug|Any CPU
		Debug|iOS = Debug|iOS
		Debug|Mixed Platforms = Debug|Mixed Platforms
		Debug|Windows Phone = Debug|Windows Phone
		Debug|Windows-AnyCPU = Debug|Windows-AnyCPU
		Debug|Windows-ARM = Debug|Windows-ARM
		Debug|Windows-x64 = Debug|Windows-x64
		Debug|Windows-x86 = Debug|Windows-x86
		Distribution|Android = Distribution|Android
		Distribution|Any CPU = Distribution|Any CPU
		Distribution|iOS = Distribution|iOS
		Distribution|Mixed Platforms = Distribution|Mixed Platforms
		Distribution|Windows Phone = Distribution|Windows Phone
		Distribution|Windows-AnyCPU = Distribution|Windows-AnyCPU
		Distribution|Windows-ARM = Distribution|Windows-ARM
		Distribution|Windows-x64 = Distribution|Windows-x64
		Distribution|Windows-x86 = Distribution|Windows-x86
		Release|Android = Release|Android
		Release|Any CPU = Release|Any CPU
		Release|iOS = Release|iOS
		Release|Mixed Platforms = Release|Mixed Platforms
		Release|Windows Phone = Release|Windows Phone
		Release|Windows-AnyCPU = Release|Windows-AnyCPU
		Release|Windows-ARM = Release|Windows-ARM
		Release|Windows-x64 = Release|Windows-x64
		Release|Windows-x86 = Release|Windows-x86
	EndGlobalSection
	GlobalSection(ProjectConfigurationPlatforms) = postSolution
		{F497D934-2FB3-44DD-87CB-592C0AE567FB}.Debug|Android.ActiveCfg = Debug|Any CPU
		{F497D934-2FB3-44DD-87CB-592C0AE567FB}.Debug|Any CPU.ActiveCfg = Debug|Any CPU
		{F497D934-2FB3-44DD-87CB-592C0AE567FB}.Debug|Any CPU.Build.0 = Debug|Any CPU
		{F497D934-2FB3-44DD-87CB-592C0AE567FB}.Debug|iOS.ActiveCfg = Debug|Any CPU
		{F497D934-2FB3-44DD-87CB-592C0AE567FB}.Debug|Mixed Platforms.ActiveCfg = Debug|Any CPU
		{F497D934-2FB3-44DD-87CB-592C0AE567FB}.Debug|Mixed Platforms.Build.0 = Debug|Any CPU
		{F497D934-2FB3-44DD-87CB-592C0AE567FB}.Debug|Windows Phone.ActiveCfg = Debug|Any CPU
		{F497D934-2FB3-44DD-87CB-592C0AE567FB}.Debug|Windows-AnyCPU.ActiveCfg = Debug|Any CPU
		{F497D934-2FB3-44DD-87CB-592C0AE567FB}.Debug|Windows-ARM.ActiveCfg = Debug|Any CPU
		{F497D934-2FB3-44DD-87CB-592C0AE567FB}.Debug|Windows-x64.ActiveCfg = Debug|Any CPU
		{F497D934-2FB3-44DD-87CB-592C0AE567FB}.Debug|Windows-x86.ActiveCfg = Debug|Any CPU
		{F497D934-2FB3-44DD-87CB-592C0AE567FB}.Distribution|Android.ActiveCfg = Debug|Any CPU
		{F497D934-2FB3-44DD-87CB-592C0AE567FB}.Distribution|Any CPU.ActiveCfg = Debug|Any CPU
		{F497D934-2FB3-44DD-87CB-592C0AE567FB}.Distribution|Any CPU.Build.0 = Debug|Any CPU
		{F497D934-2FB3-44DD-87CB-592C0AE567FB}.Distribution|iOS.ActiveCfg = Debug|Any CPU
		{F497D934-2FB3-44DD-87CB-592C0AE567FB}.Distribution|Mixed Platforms.ActiveCfg = Debug|Any CPU
		{F497D934-2FB3-44DD-87CB-592C0AE567FB}.Distribution|Mixed Platforms.Build.0 = Debug|Any CPU
		{F497D934-2FB3-44DD-87CB-592C0AE567FB}.Distribution|Windows Phone.ActiveCfg = Debug|Any CPU
		{F497D934-2FB3-44DD-87CB-592C0AE567FB}.Distribution|Windows-AnyCPU.ActiveCfg = Debug|Any CPU
		{F497D934-2FB3-44DD-87CB-592C0AE567FB}.Distribution|Windows-ARM.ActiveCfg = Debug|Any CPU
		{F497D934-2FB3-44DD-87CB-592C0AE567FB}.Distribution|Windows-x64.ActiveCfg = Debug|Any CPU
		{F497D934-2FB3-44DD-87CB-592C0AE567FB}.Distribution|Windows-x86.ActiveCfg = Debug|Any CPU
		{F497D934-2FB3-44DD-87CB-592C0AE567FB}.Release|Android.ActiveCfg = Release|Any CPU
		{F497D934-2FB3-44DD-87CB-592C0AE567FB}.Release|Any CPU.ActiveCfg = Release|Any CPU
		{F497D934-2FB3-44DD-87CB-592C0AE567FB}.Release|Any CPU.Build.0 = Release|Any CPU
		{F497D934-2FB3-44DD-87CB-592C0AE567FB}.Release|iOS.ActiveCfg = Release|Any CPU
		{F497D934-2FB3-44DD-87CB-592C0AE567FB}.Release|Mixed Platforms.ActiveCfg = Release|Any CPU
		{F497D934-2FB3-44DD-87CB-592C0AE567FB}.Release|Mixed Platforms.Build.0 = Release|Any CPU
		{F497D934-2FB3-44DD-87CB-592C0AE567FB}.Release|Windows Phone.ActiveCfg = Release|Any CPU
		{F497D934-2FB3-44DD-87CB-592C0AE567FB}.Release|Windows-AnyCPU.ActiveCfg = Release|Any CPU
		{F497D934-2FB3-44DD-87CB-592C0AE567FB}.Release|Windows-ARM.ActiveCfg = Release|Any CPU
		{F497D934-2FB3-44DD-87CB-592C0AE567FB}.Release|Windows-x64.ActiveCfg = Release|Any CPU
		{F497D934-2FB3-44DD-87CB-592C0AE567FB}.Release|Windows-x86.ActiveCfg = Release|Any CPU
		{209FA716-A7AD-4095-BD70-C8710FC66FA7}.Debug|Android.ActiveCfg = Debug|Any CPU
		{209FA716-A7AD-4095-BD70-C8710FC66FA7}.Debug|Any CPU.ActiveCfg = Debug|Any CPU
		{209FA716-A7AD-4095-BD70-C8710FC66FA7}.Debug|Any CPU.Build.0 = Debug|Any CPU
		{209FA716-A7AD-4095-BD70-C8710FC66FA7}.Debug|iOS.ActiveCfg = Debug|Any CPU
		{209FA716-A7AD-4095-BD70-C8710FC66FA7}.Debug|Mixed Platforms.ActiveCfg = Debug|Any CPU
		{209FA716-A7AD-4095-BD70-C8710FC66FA7}.Debug|Mixed Platforms.Build.0 = Debug|Any CPU
		{209FA716-A7AD-4095-BD70-C8710FC66FA7}.Debug|Windows Phone.ActiveCfg = Debug|Any CPU
		{209FA716-A7AD-4095-BD70-C8710FC66FA7}.Debug|Windows-AnyCPU.ActiveCfg = Debug|Any CPU
		{209FA716-A7AD-4095-BD70-C8710FC66FA7}.Debug|Windows-ARM.ActiveCfg = Debug|Any CPU
		{209FA716-A7AD-4095-BD70-C8710FC66FA7}.Debug|Windows-x64.ActiveCfg = Debug|Any CPU
		{209FA716-A7AD-4095-BD70-C8710FC66FA7}.Debug|Windows-x86.ActiveCfg = Debug|Any CPU
		{209FA716-A7AD-4095-BD70-C8710FC66FA7}.Distribution|Android.ActiveCfg = Debug|Any CPU
		{209FA716-A7AD-4095-BD70-C8710FC66FA7}.Distribution|Any CPU.ActiveCfg = Debug|Any CPU
		{209FA716-A7AD-4095-BD70-C8710FC66FA7}.Distribution|Any CPU.Build.0 = Debug|Any CPU
		{209FA716-A7AD-4095-BD70-C8710FC66FA7}.Distribution|iOS.ActiveCfg = Debug|Any CPU
		{209FA716-A7AD-4095-BD70-C8710FC66FA7}.Distribution|Mixed Platforms.ActiveCfg = Debug|Any CPU
		{209FA716-A7AD-4095-BD70-C8710FC66FA7}.Distribution|Mixed Platforms.Build.0 = Debug|Any CPU
		{209FA716-A7AD-4095-BD70-C8710FC66FA7}.Distribution|Windows Phone.ActiveCfg = Debug|Any CPU
		{209FA716-A7AD-4095-BD70-C8710FC66FA7}.Distribution|Windows-AnyCPU.ActiveCfg = Debug|Any CPU
		{209FA716-A7AD-4095-BD70-C8710FC66FA7}.Distribution|Windows-ARM.ActiveCfg = Debug|Any CPU
		{209FA716-A7AD-4095-BD70-C8710FC66FA7}.Distribution|Windows-x64.ActiveCfg = Debug|Any CPU
		{209FA716-A7AD-4095-BD70-C8710FC66FA7}.Distribution|Windows-x86.ActiveCfg = Debug|Any CPU
		{209FA716-A7AD-4095-BD70-C8710FC66FA7}.Release|Android.ActiveCfg = Release|Any CPU
		{209FA716-A7AD-4095-BD70-C8710FC66FA7}.Release|Any CPU.ActiveCfg = Release|Any CPU
		{209FA716-A7AD-4095-BD70-C8710FC66FA7}.Release|iOS.ActiveCfg = Release|Any CPU
		{209FA716-A7AD-4095-BD70-C8710FC66FA7}.Release|Mixed Platforms.ActiveCfg = Release|Any CPU
		{209FA716-A7AD-4095-BD70-C8710FC66FA7}.Release|Mixed Platforms.Build.0 = Release|Any CPU
		{209FA716-A7AD-4095-BD70-C8710FC66FA7}.Release|Windows Phone.ActiveCfg = Release|Any CPU
		{209FA716-A7AD-4095-BD70-C8710FC66FA7}.Release|Windows-AnyCPU.ActiveCfg = Release|Any CPU
		{209FA716-A7AD-4095-BD70-C8710FC66FA7}.Release|Windows-ARM.ActiveCfg = Release|Any CPU
		{209FA716-A7AD-4095-BD70-C8710FC66FA7}.Release|Windows-x64.ActiveCfg = Release|Any CPU
		{209FA716-A7AD-4095-BD70-C8710FC66FA7}.Release|Windows-x86.ActiveCfg = Release|Any CPU
		{44692560-7FCA-4E9F-802E-81DB59EF27DB}.Debug|Android.ActiveCfg = Debug|Android
		{44692560-7FCA-4E9F-802E-81DB59EF27DB}.Debug|Android.Build.0 = Debug|Android
		{44692560-7FCA-4E9F-802E-81DB59EF27DB}.Debug|Android.Deploy.0 = Debug|Android
		{44692560-7FCA-4E9F-802E-81DB59EF27DB}.Debug|Any CPU.ActiveCfg = Debug|Android
		{44692560-7FCA-4E9F-802E-81DB59EF27DB}.Debug|iOS.ActiveCfg = Debug|iOS
		{44692560-7FCA-4E9F-802E-81DB59EF27DB}.Debug|iOS.Build.0 = Debug|iOS
		{44692560-7FCA-4E9F-802E-81DB59EF27DB}.Debug|iOS.Deploy.0 = Debug|iOS
		{44692560-7FCA-4E9F-802E-81DB59EF27DB}.Debug|Mixed Platforms.ActiveCfg = Debug|Android
		{44692560-7FCA-4E9F-802E-81DB59EF27DB}.Debug|Mixed Platforms.Build.0 = Debug|Android
		{44692560-7FCA-4E9F-802E-81DB59EF27DB}.Debug|Mixed Platforms.Deploy.0 = Debug|Android
		{44692560-7FCA-4E9F-802E-81DB59EF27DB}.Debug|Windows Phone.ActiveCfg = Debug|Windows Phone
		{44692560-7FCA-4E9F-802E-81DB59EF27DB}.Debug|Windows Phone.Build.0 = Debug|Windows Phone
		{44692560-7FCA-4E9F-802E-81DB59EF27DB}.Debug|Windows Phone.Deploy.0 = Debug|Windows Phone
		{44692560-7FCA-4E9F-802E-81DB59EF27DB}.Debug|Windows-AnyCPU.ActiveCfg = Debug|Windows-AnyCPU
		{44692560-7FCA-4E9F-802E-81DB59EF27DB}.Debug|Windows-AnyCPU.Build.0 = Debug|Windows-AnyCPU
		{44692560-7FCA-4E9F-802E-81DB59EF27DB}.Debug|Windows-AnyCPU.Deploy.0 = Debug|Windows-AnyCPU
		{44692560-7FCA-4E9F-802E-81DB59EF27DB}.Debug|Windows-ARM.ActiveCfg = Debug|Windows-ARM
		{44692560-7FCA-4E9F-802E-81DB59EF27DB}.Debug|Windows-ARM.Build.0 = Debug|Windows-ARM
		{44692560-7FCA-4E9F-802E-81DB59EF27DB}.Debug|Windows-ARM.Deploy.0 = Debug|Windows-ARM
		{44692560-7FCA-4E9F-802E-81DB59EF27DB}.Debug|Windows-x64.ActiveCfg = Debug|Windows-x64
		{44692560-7FCA-4E9F-802E-81DB59EF27DB}.Debug|Windows-x64.Build.0 = Debug|Windows-x64
		{44692560-7FCA-4E9F-802E-81DB59EF27DB}.Debug|Windows-x64.Deploy.0 = Debug|Windows-x64
		{44692560-7FCA-4E9F-802E-81DB59EF27DB}.Debug|Windows-x86.ActiveCfg = Debug|Windows-x86
		{44692560-7FCA-4E9F-802E-81DB59EF27DB}.Debug|Windows-x86.Build.0 = Debug|Windows-x86
		{44692560-7FCA-4E9F-802E-81DB59EF27DB}.Debug|Windows-x86.Deploy.0 = Debug|Windows-x86
		{44692560-7FCA-4E9F-802E-81DB59EF27DB}.Distribution|Android.ActiveCfg = Distribution|Android
		{44692560-7FCA-4E9F-802E-81DB59EF27DB}.Distribution|Android.Build.0 = Distribution|Android
		{44692560-7FCA-4E9F-802E-81DB59EF27DB}.Distribution|Android.Deploy.0 = Distribution|Android
		{44692560-7FCA-4E9F-802E-81DB59EF27DB}.Distribution|Any CPU.ActiveCfg = Distribution|Android
		{44692560-7FCA-4E9F-802E-81DB59EF27DB}.Distribution|iOS.ActiveCfg = Distribution|iOS
		{44692560-7FCA-4E9F-802E-81DB59EF27DB}.Distribution|iOS.Build.0 = Distribution|iOS
		{44692560-7FCA-4E9F-802E-81DB59EF27DB}.Distribution|iOS.Deploy.0 = Distribution|iOS
		{44692560-7FCA-4E9F-802E-81DB59EF27DB}.Distribution|Mixed Platforms.ActiveCfg = Distribution|Android
		{44692560-7FCA-4E9F-802E-81DB59EF27DB}.Distribution|Mixed Platforms.Build.0 = Distribution|Android
		{44692560-7FCA-4E9F-802E-81DB59EF27DB}.Distribution|Mixed Platforms.Deploy.0 = Distribution|Android
		{44692560-7FCA-4E9F-802E-81DB59EF27DB}.Distribution|Windows Phone.ActiveCfg = Distribution|Windows Phone
		{44692560-7FCA-4E9F-802E-81DB59EF27DB}.Distribution|Windows Phone.Build.0 = Distribution|Windows Phone
		{44692560-7FCA-4E9F-802E-81DB59EF27DB}.Distribution|Windows Phone.Deploy.0 = Distribution|Windows Phone
		{44692560-7FCA-4E9F-802E-81DB59EF27DB}.Distribution|Windows-AnyCPU.ActiveCfg = Distribution|Windows-AnyCPU
		{44692560-7FCA-4E9F-802E-81DB59EF27DB}.Distribution|Windows-AnyCPU.Build.0 = Distribution|Windows-AnyCPU
		{44692560-7FCA-4E9F-802E-81DB59EF27DB}.Distribution|Windows-AnyCPU.Deploy.0 = Distribution|Windows-AnyCPU
		{44692560-7FCA-4E9F-802E-81DB59EF27DB}.Distribution|Windows-ARM.ActiveCfg = Distribution|Windows-ARM
		{44692560-7FCA-4E9F-802E-81DB59EF27DB}.Distribution|Windows-ARM.Build.0 = Distribution|Windows-ARM
		{44692560-7FCA-4E9F-802E-81DB59EF27DB}.Distribution|Windows-ARM.Deploy.0 = Distribution|Windows-ARM
		{44692560-7FCA-4E9F-802E-81DB59EF27DB}.Distribution|Windows-x64.ActiveCfg = Distribution|Windows-x64
		{44692560-7FCA-4E9F-802E-81DB59EF27DB}.Distribution|Windows-x64.Build.0 = Distribution|Windows-x64
		{44692560-7FCA-4E9F-802E-81DB59EF27DB}.Distribution|Windows-x64.Deploy.0 = Distribution|Windows-x64
		{44692560-7FCA-4E9F-802E-81DB59EF27DB}.Distribution|Windows-x86.ActiveCfg = Distribution|Windows-x86
		{44692560-7FCA-4E9F-802E-81DB59EF27DB}.Distribution|Windows-x86.Build.0 = Distribution|Windows-x86
		{44692560-7FCA-4E9F-802E-81DB59EF27DB}.Distribution|Windows-x86.Deploy.0 = Distribution|Windows-x86
		{44692560-7FCA-4E9F-802E-81DB59EF27DB}.Release|Android.ActiveCfg = Release|Android
		{44692560-7FCA-4E9F-802E-81DB59EF27DB}.Release|Android.Build.0 = Release|Android
		{44692560-7FCA-4E9F-802E-81DB59EF27DB}.Release|Android.Deploy.0 = Release|Android
		{44692560-7FCA-4E9F-802E-81DB59EF27DB}.Release|Any CPU.ActiveCfg = Release|Android
		{44692560-7FCA-4E9F-802E-81DB59EF27DB}.Release|iOS.ActiveCfg = Release|iOS
		{44692560-7FCA-4E9F-802E-81DB59EF27DB}.Release|iOS.Build.0 = Release|iOS
		{44692560-7FCA-4E9F-802E-81DB59EF27DB}.Release|iOS.Deploy.0 = Release|iOS
		{44692560-7FCA-4E9F-802E-81DB59EF27DB}.Release|Mixed Platforms.ActiveCfg = Release|Android
		{44692560-7FCA-4E9F-802E-81DB59EF27DB}.Release|Mixed Platforms.Build.0 = Release|Android
		{44692560-7FCA-4E9F-802E-81DB59EF27DB}.Release|Mixed Platforms.Deploy.0 = Release|Android
		{44692560-7FCA-4E9F-802E-81DB59EF27DB}.Release|Windows Phone.ActiveCfg = Release|Windows Phone
		{44692560-7FCA-4E9F-802E-81DB59EF27DB}.Release|Windows Phone.Build.0 = Release|Windows Phone
		{44692560-7FCA-4E9F-802E-81DB59EF27DB}.Release|Windows Phone.Deploy.0 = Release|Windows Phone
		{44692560-7FCA-4E9F-802E-81DB59EF27DB}.Release|Windows-AnyCPU.ActiveCfg = Release|Windows-AnyCPU
		{44692560-7FCA-4E9F-802E-81DB59EF27DB}.Release|Windows-AnyCPU.Build.0 = Release|Windows-AnyCPU
		{44692560-7FCA-4E9F-802E-81DB59EF27DB}.Release|Windows-AnyCPU.Deploy.0 = Release|Windows-AnyCPU
		{44692560-7FCA-4E9F-802E-81DB59EF27DB}.Release|Windows-ARM.ActiveCfg = Release|Windows-ARM
		{44692560-7FCA-4E9F-802E-81DB59EF27DB}.Release|Windows-ARM.Build.0 = Release|Windows-ARM
		{44692560-7FCA-4E9F-802E-81DB59EF27DB}.Release|Windows-ARM.Deploy.0 = Release|Windows-ARM
		{44692560-7FCA-4E9F-802E-81DB59EF27DB}.Release|Windows-x64.ActiveCfg = Release|Windows-x64
		{44692560-7FCA-4E9F-802E-81DB59EF27DB}.Release|Windows-x64.Build.0 = Release|Windows-x64
		{44692560-7FCA-4E9F-802E-81DB59EF27DB}.Release|Windows-x64.Deploy.0 = Release|Windows-x64
		{44692560-7FCA-4E9F-802E-81DB59EF27DB}.Release|Windows-x86.ActiveCfg = Release|Windows-x86
		{44692560-7FCA-4E9F-802E-81DB59EF27DB}.Release|Windows-x86.Build.0 = Release|Windows-x86
		{44692560-7FCA-4E9F-802E-81DB59EF27DB}.Release|Windows-x86.Deploy.0 = Release|Windows-x86
		{00086382-42C2-45C8-923B-6B13CD43C4E7}.Debug|Android.ActiveCfg = Debug|Any CPU
		{00086382-42C2-45C8-923B-6B13CD43C4E7}.Debug|Any CPU.ActiveCfg = Debug|Any CPU
		{00086382-42C2-45C8-923B-6B13CD43C4E7}.Debug|Any CPU.Build.0 = Debug|Any CPU
		{00086382-42C2-45C8-923B-6B13CD43C4E7}.Debug|iOS.ActiveCfg = Debug|Any CPU
		{00086382-42C2-45C8-923B-6B13CD43C4E7}.Debug|Mixed Platforms.ActiveCfg = Debug|Any CPU
		{00086382-42C2-45C8-923B-6B13CD43C4E7}.Debug|Mixed Platforms.Build.0 = Debug|Any CPU
		{00086382-42C2-45C8-923B-6B13CD43C4E7}.Debug|Windows Phone.ActiveCfg = Debug|Any CPU
		{00086382-42C2-45C8-923B-6B13CD43C4E7}.Debug|Windows-AnyCPU.ActiveCfg = Debug|Any CPU
		{00086382-42C2-45C8-923B-6B13CD43C4E7}.Debug|Windows-ARM.ActiveCfg = Debug|Any CPU
		{00086382-42C2-45C8-923B-6B13CD43C4E7}.Debug|Windows-x64.ActiveCfg = Debug|Any CPU
		{00086382-42C2-45C8-923B-6B13CD43C4E7}.Debug|Windows-x86.ActiveCfg = Debug|Any CPU
		{00086382-42C2-45C8-923B-6B13CD43C4E7}.Distribution|Android.ActiveCfg = Debug|Any CPU
		{00086382-42C2-45C8-923B-6B13CD43C4E7}.Distribution|Any CPU.ActiveCfg = Debug|Any CPU
		{00086382-42C2-45C8-923B-6B13CD43C4E7}.Distribution|Any CPU.Build.0 = Debug|Any CPU
		{00086382-42C2-45C8-923B-6B13CD43C4E7}.Distribution|iOS.ActiveCfg = Debug|Any CPU
		{00086382-42C2-45C8-923B-6B13CD43C4E7}.Distribution|Mixed Platforms.ActiveCfg = Debug|Any CPU
		{00086382-42C2-45C8-923B-6B13CD43C4E7}.Distribution|Mixed Platforms.Build.0 = Debug|Any CPU
		{00086382-42C2-45C8-923B-6B13CD43C4E7}.Distribution|Windows Phone.ActiveCfg = Debug|Any CPU
		{00086382-42C2-45C8-923B-6B13CD43C4E7}.Distribution|Windows-AnyCPU.ActiveCfg = Debug|Any CPU
		{00086382-42C2-45C8-923B-6B13CD43C4E7}.Distribution|Windows-ARM.ActiveCfg = Debug|Any CPU
		{00086382-42C2-45C8-923B-6B13CD43C4E7}.Distribution|Windows-x64.ActiveCfg = Debug|Any CPU
		{00086382-42C2-45C8-923B-6B13CD43C4E7}.Distribution|Windows-x86.ActiveCfg = Debug|Any CPU
		{00086382-42C2-45C8-923B-6B13CD43C4E7}.Release|Android.ActiveCfg = Release|Any CPU
		{00086382-42C2-45C8-923B-6B13CD43C4E7}.Release|Any CPU.ActiveCfg = Release|Any CPU
		{00086382-42C2-45C8-923B-6B13CD43C4E7}.Release|Any CPU.Build.0 = Release|Any CPU
		{00086382-42C2-45C8-923B-6B13CD43C4E7}.Release|iOS.ActiveCfg = Release|Any CPU
		{00086382-42C2-45C8-923B-6B13CD43C4E7}.Release|Mixed Platforms.ActiveCfg = Release|Any CPU
		{00086382-42C2-45C8-923B-6B13CD43C4E7}.Release|Mixed Platforms.Build.0 = Release|Any CPU
		{00086382-42C2-45C8-923B-6B13CD43C4E7}.Release|Windows Phone.ActiveCfg = Release|Any CPU
		{00086382-42C2-45C8-923B-6B13CD43C4E7}.Release|Windows-AnyCPU.ActiveCfg = Release|Any CPU
		{00086382-42C2-45C8-923B-6B13CD43C4E7}.Release|Windows-ARM.ActiveCfg = Release|Any CPU
		{00086382-42C2-45C8-923B-6B13CD43C4E7}.Release|Windows-x64.ActiveCfg = Release|Any CPU
		{00086382-42C2-45C8-923B-6B13CD43C4E7}.Release|Windows-x86.ActiveCfg = Release|Any CPU
	EndGlobalSection
	GlobalSection(SolutionProperties) = preSolution
		HideSolutionNode = FALSE
	EndGlobalSection
EndGlobal
